
Microsoft Visual Studio Solution File, Format Version 12.00
# Visual Studio Version 17
VisualStudioVersion = 17.9.34728.123
MinimumVisualStudioVersion = 10.0.40219.1
Project("{FAE04EC0-301F-11D3-BF4B-00C04F79EFBC}") = "Shop_ELECTRO", "Shop_ELECTRO\Shop_ELECTRO.csproj", "{E6BBAF36-535D-4C19-8BF1-F5DE09D05CDE}"
EndProject
Global
	GlobalSection(SolutionConfigurationPlatforms) = preSolution
		Debug|Any CPU = Debug|Any CPU
		Release|Any CPU = Release|Any CPU
	EndGlobalSection
	GlobalSection(ProjectConfigurationPlatforms) = postSolution
		{E6BBAF36-535D-4C19-8BF1-F5DE09D05CDE}.Debug|Any CPU.ActiveCfg = Debug|Any CPU
		{E6BBAF36-535D-4C19-8BF1-F5DE09D05CDE}.Debug|Any CPU.Build.0 = Debug|Any CPU
		{E6BBAF36-535D-4C19-8BF1-F5DE09D05CDE}.Release|Any CPU.ActiveCfg = Release|Any CPU
		{E6BBAF36-535D-4C19-8BF1-F5DE09D05CDE}.Release|Any CPU.Build.0 = Release|Any CPU
	EndGlobalSection
	GlobalSection(SolutionProperties) = preSolution
		HideSolutionNode = FALSE
	EndGlobalSection
	GlobalSection(ExtensibilityGlobals) = postSolution
		SolutionGuid = {5386EB71-3D22-48B9-B52E-C0CDE092FDB7}
	EndGlobalSection
EndGlobal
